
Microsoft Visual Studio Solution File, Format Version 12.00
# Visual Studio Version 17
VisualStudioVersion = 17.13.35825.156 d17.13
MinimumVisualStudioVersion = 10.0.40219.1
Project("{FAE04EC0-301F-11D3-BF4B-00C04F79EFBC}") = "ExamenFebrero2025", "ExamenFebrero2025.csproj", "{B3D24513-3FC8-4EF2-A412-04105D13A71A}"
EndProject
Global
	GlobalSection(SolutionConfigurationPlatforms) = preSolution
		Debug|Any CPU = Debug|Any CPU
		Release|Any CPU = Release|Any CPU
	EndGlobalSection
	GlobalSection(ProjectConfigurationPlatforms) = postSolution
		{B3D24513-3FC8-4EF2-A412-04105D13A71A}.Debug|Any CPU.ActiveCfg = Debug|Any CPU
		{B3D24513-3FC8-4EF2-A412-04105D13A71A}.Debug|Any CPU.Build.0 = Debug|Any CPU
		{B3D24513-3FC8-4EF2-A412-04105D13A71A}.Release|Any CPU.ActiveCfg = Release|Any CPU
		{B3D24513-3FC8-4EF2-A412-04105D13A71A}.Release|Any CPU.Build.0 = Release|Any CPU
	EndGlobalSection
	GlobalSection(SolutionProperties) = preSolution
		HideSolutionNode = FALSE
	EndGlobalSection
	GlobalSection(ExtensibilityGlobals) = postSolution
		SolutionGuid = {4D753F0E-2612-49B4-B9C5-A0AFD19CEA87}
	EndGlobalSection
EndGlobal
